
Microsoft Visual Studio Solution File, Format Version 12.00
# Visual Studio 14
VisualStudioVersion = 14.0.24720.0
MinimumVisualStudioVersion = 10.0.40219.1
Project("{FAE04EC0-301F-11D3-BF4B-00C04F79EFBC}") = "InnoSetupTask", "InnoSetupTask.csproj", "{21CE48A7-979D-4597-BA4E-353E82B8769B}"
EndProject
Global
	GlobalSection(SolutionConfigurationPlatforms) = preSolution
		Debug|Any CPU = Debug|Any CPU
		Release|Any CPU = Release|Any CPU
	EndGlobalSection
	GlobalSection(ProjectConfigurationPlatforms) = postSolution
		{21CE48A7-979D-4597-BA4E-353E82B8769B}.Debug|Any CPU.ActiveCfg = Debug|Any CPU
		{21CE48A7-979D-4597-BA4E-353E82B8769B}.Debug|Any CPU.Build.0 = Debug|Any CPU
		{21CE48A7-979D-4597-BA4E-353E82B8769B}.Release|Any CPU.ActiveCfg = Release|Any CPU
		{21CE48A7-979D-4597-BA4E-353E82B8769B}.Release|Any CPU.Build.0 = Release|Any CPU
	EndGlobalSection
	GlobalSection(SolutionProperties) = preSolution
		HideSolutionNode = FALSE
	EndGlobalSection
EndGlobal
